
Microsoft Visual Studio Solution File, Format Version 12.00
# Visual Studio Version 16
VisualStudioVersion = 16.0.32228.343
MinimumVisualStudioVersion = 10.0.40219.1
Project("{FAE04EC0-301F-11D3-BF4B-00C04F79EFBC}") = "407Project2", "407Project2\407Project2.csproj", "{B067A41C-D4F7-40DF-9054-4C7A01D77C35}"
EndProject
Global
	GlobalSection(SolutionConfigurationPlatforms) = preSolution
		Debug|Any CPU = Debug|Any CPU
		Release|Any CPU = Release|Any CPU
	EndGlobalSection
	GlobalSection(ProjectConfigurationPlatforms) = postSolution
		{B067A41C-D4F7-40DF-9054-4C7A01D77C35}.Debug|Any CPU.ActiveCfg = Debug|Any CPU
		{B067A41C-D4F7-40DF-9054-4C7A01D77C35}.Debug|Any CPU.Build.0 = Debug|Any CPU
		{B067A41C-D4F7-40DF-9054-4C7A01D77C35}.Release|Any CPU.ActiveCfg = Release|Any CPU
		{B067A41C-D4F7-40DF-9054-4C7A01D77C35}.Release|Any CPU.Build.0 = Release|Any CPU
	EndGlobalSection
	GlobalSection(SolutionProperties) = preSolution
		HideSolutionNode = FALSE
	EndGlobalSection
	GlobalSection(ExtensibilityGlobals) = postSolution
		SolutionGuid = {1FA384FA-8721-4C79-AD81-D167A24E7A10}
	EndGlobalSection
EndGlobal
